
Microsoft Visual Studio Solution File, Format Version 12.00
# Visual Studio 15
VisualStudioVersion = 15.0.26430.12
MinimumVisualStudioVersion = 10.0.40219.1
Project("{FAE04EC0-301F-11D3-BF4B-00C04F79EFBC}") = "Factorio", "Factorio\Factorio.csproj", "{C3F2BECF-01EC-48D0-AE8F-D9A034A17D98}"
EndProject
Project("{FAE04EC0-301F-11D3-BF4B-00C04F79EFBC}") = "Factorio.DAL", "Factorio.DAL\Factorio.DAL.csproj", "{BF393920-F0A8-41D8-8BE0-CF245CE6CF4E}"
EndProject
Project("{FAE04EC0-301F-11D3-BF4B-00C04F79EFBC}") = "Factorio.Entities", "Factorio.Entities\Factorio.Entities.csproj", "{6A92C8F5-841D-4EA2-BB7C-59B7E261FA0D}"
EndProject
Project("{2150E333-8FDC-42A3-9474-1A3956D46DE8}") = "Presentation", "Presentation", "{972D8754-94D5-4BD4-8758-70DE053E9A6D}"
EndProject
Project("{2150E333-8FDC-42A3-9474-1A3956D46DE8}") = "Business", "Business", "{8BCD8D11-094B-41AA-BA49-191BA43C8B78}"
EndProject
Project("{2150E333-8FDC-42A3-9474-1A3956D46DE8}") = "Data", "Data", "{D1A37A06-23B7-4674-8E6F-B33073F06949}"
EndProject
Project("{FAE04EC0-301F-11D3-BF4B-00C04F79EFBC}") = "FactorioWpf", "FactorioWpf\FactorioWpf.csproj", "{227F99CD-C47E-4BC3-9CD3-FE6B14DD4259}"
EndProject
Project("{2150E333-8FDC-42A3-9474-1A3956D46DE8}") = "ItemData", "ItemData", "{F6165D9E-0BA3-45DE-840A-25EA6691DF2C}"
EndProject
Global
	GlobalSection(SolutionConfigurationPlatforms) = preSolution
		Debug|Any CPU = Debug|Any CPU
		Release|Any CPU = Release|Any CPU
	EndGlobalSection
	GlobalSection(ProjectConfigurationPlatforms) = postSolution
		{C3F2BECF-01EC-48D0-AE8F-D9A034A17D98}.Debug|Any CPU.ActiveCfg = Debug|Any CPU
		{C3F2BECF-01EC-48D0-AE8F-D9A034A17D98}.Debug|Any CPU.Build.0 = Debug|Any CPU
		{C3F2BECF-01EC-48D0-AE8F-D9A034A17D98}.Release|Any CPU.ActiveCfg = Release|Any CPU
		{C3F2BECF-01EC-48D0-AE8F-D9A034A17D98}.Release|Any CPU.Build.0 = Release|Any CPU
		{BF393920-F0A8-41D8-8BE0-CF245CE6CF4E}.Debug|Any CPU.ActiveCfg = Debug|Any CPU
		{BF393920-F0A8-41D8-8BE0-CF245CE6CF4E}.Debug|Any CPU.Build.0 = Debug|Any CPU
		{BF393920-F0A8-41D8-8BE0-CF245CE6CF4E}.Release|Any CPU.ActiveCfg = Release|Any CPU
		{BF393920-F0A8-41D8-8BE0-CF245CE6CF4E}.Release|Any CPU.Build.0 = Release|Any CPU
		{6A92C8F5-841D-4EA2-BB7C-59B7E261FA0D}.Debug|Any CPU.ActiveCfg = Debug|Any CPU
		{6A92C8F5-841D-4EA2-BB7C-59B7E261FA0D}.Debug|Any CPU.Build.0 = Debug|Any CPU
		{6A92C8F5-841D-4EA2-BB7C-59B7E261FA0D}.Release|Any CPU.ActiveCfg = Release|Any CPU
		{6A92C8F5-841D-4EA2-BB7C-59B7E261FA0D}.Release|Any CPU.Build.0 = Release|Any CPU
		{227F99CD-C47E-4BC3-9CD3-FE6B14DD4259}.Debug|Any CPU.ActiveCfg = Debug|Any CPU
		{227F99CD-C47E-4BC3-9CD3-FE6B14DD4259}.Debug|Any CPU.Build.0 = Debug|Any CPU
		{227F99CD-C47E-4BC3-9CD3-FE6B14DD4259}.Release|Any CPU.ActiveCfg = Release|Any CPU
		{227F99CD-C47E-4BC3-9CD3-FE6B14DD4259}.Release|Any CPU.Build.0 = Release|Any CPU
	EndGlobalSection
	GlobalSection(SolutionProperties) = preSolution
		HideSolutionNode = FALSE
	EndGlobalSection
	GlobalSection(NestedProjects) = preSolution
		{C3F2BECF-01EC-48D0-AE8F-D9A034A17D98} = {8BCD8D11-094B-41AA-BA49-191BA43C8B78}
		{BF393920-F0A8-41D8-8BE0-CF245CE6CF4E} = {D1A37A06-23B7-4674-8E6F-B33073F06949}
		{6A92C8F5-841D-4EA2-BB7C-59B7E261FA0D} = {8BCD8D11-094B-41AA-BA49-191BA43C8B78}
		{227F99CD-C47E-4BC3-9CD3-FE6B14DD4259} = {972D8754-94D5-4BD4-8758-70DE053E9A6D}
	EndGlobalSection
EndGlobal
